[{<<"ed25519">>,
  {git,"git://github.com/schnef/ed25519.git",
       {ref,"b77ae1ef94e589c1e9bc4aca95a6af032da0d16f"}},
  0},
 {<<"ed25519_">>,
  {git,"git://github.com/schnef/ed25519.git",
       {ref,"b77ae1ef94e589c1e9bc4aca95a6af032da0d16f"}},
  0},
 {<<"enacl">>,
  {git,"https://github.com/jlouis/enacl",
       {ref,"885662c069ea06ed1dc9567b7fb68aa755a9505c"}},
  0},
 {<<"jsx">>,
  {git,"https://github.com/talentdeficit/jsx.git",
       {ref,"3074d4865b3385a050badf7828ad31490d860df5"}},
  0}].
